
Microsoft Visual Studio Solution File, Format Version 12.00
# Visual Studio Version 16
VisualStudioVersion = 16.0.31129.286
MinimumVisualStudioVersion = 10.0.40219.1
Project("{FAE04EC0-301F-11D3-BF4B-00C04F79EFBC}") = "SORTER_MVVM", "SORTER_MVVM\SORTER_MVVM.csproj", "{06312E62-B7A0-424C-8943-873A8C75D501}"
EndProject
Global
	GlobalSection(SolutionConfigurationPlatforms) = preSolution
		Debug|Any CPU = Debug|Any CPU
		Release|Any CPU = Release|Any CPU
	EndGlobalSection
	GlobalSection(ProjectConfigurationPlatforms) = postSolution
		{06312E62-B7A0-424C-8943-873A8C75D501}.Debug|Any CPU.ActiveCfg = Debug|Any CPU
		{06312E62-B7A0-424C-8943-873A8C75D501}.Debug|Any CPU.Build.0 = Debug|Any CPU
		{06312E62-B7A0-424C-8943-873A8C75D501}.Release|Any CPU.ActiveCfg = Release|Any CPU
		{06312E62-B7A0-424C-8943-873A8C75D501}.Release|Any CPU.Build.0 = Release|Any CPU
	EndGlobalSection
	GlobalSection(SolutionProperties) = preSolution
		HideSolutionNode = FALSE
	EndGlobalSection
	GlobalSection(ExtensibilityGlobals) = postSolution
		SolutionGuid = {682AC5A9-BF5C-4953-B205-463D38A7E9CF}
	EndGlobalSection
EndGlobal
